
Microsoft Visual Studio Solution File, Format Version 12.00
# Visual Studio Version 17
VisualStudioVersion = 17.14.36408.4
MinimumVisualStudioVersion = 10.0.40219.1
Project("{FAE04EC0-301F-11D3-BF4B-00C04F79EFBC}") = "Unides.WebAPI", "Unides.WebAPI\Unides.WebAPI.csproj", "{914682AA-CB37-427A-A1C7-60F287BC79A8}"
EndProject
Project("{2150E333-8FDC-42A3-9474-1A3956D46DE8}") = "src", "src", "{02EA681E-C7D8-13C7-8484-4AC65E1B71E8}"
EndProject
Project("{2150E333-8FDC-42A3-9474-1A3956D46DE8}") = "test", "test", "{369CB01D-A1A7-72D2-AABC-3F0945D148A2}"
EndProject
Project("{FAE04EC0-301F-11D3-BF4B-00C04F79EFBC}") = "Domain", "Domain\Domain.csproj", "{F39095DC-784B-4DA9-BE98-B8DCF93FAB25}"
EndProject
Project("{2150E333-8FDC-42A3-9474-1A3956D46DE8}") = "Core", "Core", "{CBBD48D5-F774-4F0D-A0A1-CD180E3CC8AC}"
EndProject
Project("{2150E333-8FDC-42A3-9474-1A3956D46DE8}") = "External", "External", "{CC70431E-28C2-47FA-9EE4-BB729A2B18B6}"
EndProject
Project("{FAE04EC0-301F-11D3-BF4B-00C04F79EFBC}") = "Application", "Application\Application.csproj", "{91859049-2353-4AD2-9F8C-499F6660D086}"
EndProject
Project("{FAE04EC0-301F-11D3-BF4B-00C04F79EFBC}") = "Persistence", "Persistence\Persistence.csproj", "{FC6107E5-FEAA-464F-A82A-142DB10822D4}"
EndProject
Project("{FAE04EC0-301F-11D3-BF4B-00C04F79EFBC}") = "Infrastructure", "Infrastructure\Infrastructure.csproj", "{5451D8F5-B24C-4623-95DD-82E63206BDFA}"
EndProject
Global
	GlobalSection(SolutionConfigurationPlatforms) = preSolution
		Debug|Any CPU = Debug|Any CPU
		Release|Any CPU = Release|Any CPU
	EndGlobalSection
	GlobalSection(ProjectConfigurationPlatforms) = postSolution
		{914682AA-CB37-427A-A1C7-60F287BC79A8}.Debug|Any CPU.ActiveCfg = Debug|Any CPU
		{914682AA-CB37-427A-A1C7-60F287BC79A8}.Debug|Any CPU.Build.0 = Debug|Any CPU
		{914682AA-CB37-427A-A1C7-60F287BC79A8}.Release|Any CPU.ActiveCfg = Release|Any CPU
		{914682AA-CB37-427A-A1C7-60F287BC79A8}.Release|Any CPU.Build.0 = Release|Any CPU
		{F39095DC-784B-4DA9-BE98-B8DCF93FAB25}.Debug|Any CPU.ActiveCfg = Debug|Any CPU
		{F39095DC-784B-4DA9-BE98-B8DCF93FAB25}.Debug|Any CPU.Build.0 = Debug|Any CPU
		{F39095DC-784B-4DA9-BE98-B8DCF93FAB25}.Release|Any CPU.ActiveCfg = Release|Any CPU
		{F39095DC-784B-4DA9-BE98-B8DCF93FAB25}.Release|Any CPU.Build.0 = Release|Any CPU
		{91859049-2353-4AD2-9F8C-499F6660D086}.Debug|Any CPU.ActiveCfg = Debug|Any CPU
		{91859049-2353-4AD2-9F8C-499F6660D086}.Debug|Any CPU.Build.0 = Debug|Any CPU
		{91859049-2353-4AD2-9F8C-499F6660D086}.Release|Any CPU.ActiveCfg = Release|Any CPU
		{91859049-2353-4AD2-9F8C-499F6660D086}.Release|Any CPU.Build.0 = Release|Any CPU
		{FC6107E5-FEAA-464F-A82A-142DB10822D4}.Debug|Any CPU.ActiveCfg = Debug|Any CPU
		{FC6107E5-FEAA-464F-A82A-142DB10822D4}.Debug|Any CPU.Build.0 = Debug|Any CPU
		{FC6107E5-FEAA-464F-A82A-142DB10822D4}.Release|Any CPU.ActiveCfg = Release|Any CPU
		{FC6107E5-FEAA-464F-A82A-142DB10822D4}.Release|Any CPU.Build.0 = Release|Any CPU
		{5451D8F5-B24C-4623-95DD-82E63206BDFA}.Debug|Any CPU.ActiveCfg = Debug|Any CPU
		{5451D8F5-B24C-4623-95DD-82E63206BDFA}.Debug|Any CPU.Build.0 = Debug|Any CPU
		{5451D8F5-B24C-4623-95DD-82E63206BDFA}.Release|Any CPU.ActiveCfg = Release|Any CPU
		{5451D8F5-B24C-4623-95DD-82E63206BDFA}.Release|Any CPU.Build.0 = Release|Any CPU
	EndGlobalSection
	GlobalSection(SolutionProperties) = preSolution
		HideSolutionNode = FALSE
	EndGlobalSection
	GlobalSection(NestedProjects) = preSolution
		{F39095DC-784B-4DA9-BE98-B8DCF93FAB25} = {CBBD48D5-F774-4F0D-A0A1-CD180E3CC8AC}
		{CBBD48D5-F774-4F0D-A0A1-CD180E3CC8AC} = {02EA681E-C7D8-13C7-8484-4AC65E1B71E8}
		{CC70431E-28C2-47FA-9EE4-BB729A2B18B6} = {02EA681E-C7D8-13C7-8484-4AC65E1B71E8}
		{91859049-2353-4AD2-9F8C-499F6660D086} = {CBBD48D5-F774-4F0D-A0A1-CD180E3CC8AC}
		{FC6107E5-FEAA-464F-A82A-142DB10822D4} = {CC70431E-28C2-47FA-9EE4-BB729A2B18B6}
		{5451D8F5-B24C-4623-95DD-82E63206BDFA} = {CC70431E-28C2-47FA-9EE4-BB729A2B18B6}
	EndGlobalSection
	GlobalSection(ExtensibilityGlobals) = postSolution
		SolutionGuid = {CDB13AF2-5A3B-4960-BDFC-9E4FDC538526}
	EndGlobalSection
EndGlobal
